
Microsoft Visual Studio Solution File, Format Version 12.00
# Visual Studio Version 17
VisualStudioVersion = 17.0.31912.275
MinimumVisualStudioVersion = 10.0.40219.1
Project("{9A19103F-16F7-4668-BE54-9A1E7A4F7556}") = "SonarSweep", "Day 1\SonarSweep\SonarSweep.csproj", "{3111E999-11E9-472E-819F-39BB5F8BD9A0}"
EndProject
Global
	GlobalSection(SolutionConfigurationPlatforms) = preSolution
		Debug|Any CPU = Debug|Any CPU
		Release|Any CPU = Release|Any CPU
	EndGlobalSection
	GlobalSection(ProjectConfigurationPlatforms) = postSolution
		{3111E999-11E9-472E-819F-39BB5F8BD9A0}.Debug|Any CPU.ActiveCfg = Debug|Any CPU
		{3111E999-11E9-472E-819F-39BB5F8BD9A0}.Debug|Any CPU.Build.0 = Debug|Any CPU
		{3111E999-11E9-472E-819F-39BB5F8BD9A0}.Release|Any CPU.ActiveCfg = Release|Any CPU
		{3111E999-11E9-472E-819F-39BB5F8BD9A0}.Release|Any CPU.Build.0 = Release|Any CPU
	EndGlobalSection
	GlobalSection(SolutionProperties) = preSolution
		HideSolutionNode = FALSE
	EndGlobalSection
	GlobalSection(ExtensibilityGlobals) = postSolution
		SolutionGuid = {97F3ADD1-B526-439D-A35C-5503CC41DC68}
	EndGlobalSection
EndGlobal
